
Microsoft Visual Studio Solution File, Format Version 12.00
# Visual Studio 15
Project("{FAE04EC0-301F-11D3-BF4B-00C04F79EFBC}") = "Matchmaking", "Assembly-CSharp.csproj", "{6C7829CF-10FE-07BF-2382-C2515621EA82}"
EndProject
Project("{FAE04EC0-301F-11D3-BF4B-00C04F79EFBC}") = "Matchmaking", "Assembly-CSharp-Editor.csproj", "{43275451-5E11-D7E8-98B0-E9D76CB2A9B1}"
EndProject
Global
	GlobalSection(SolutionConfigurationPlatforms) = preSolution
		Debug|Any CPU = Debug|Any CPU
		Release|Any CPU = Release|Any CPU
	EndGlobalSection
	GlobalSection(ProjectConfigurationPlatforms) = postSolution
		{6C7829CF-10FE-07BF-2382-C2515621EA82}.Debug|Any CPU.ActiveCfg = Debug|Any CPU
		{6C7829CF-10FE-07BF-2382-C2515621EA82}.Debug|Any CPU.Build.0 = Debug|Any CPU
		{6C7829CF-10FE-07BF-2382-C2515621EA82}.Release|Any CPU.ActiveCfg = Release|Any CPU
		{6C7829CF-10FE-07BF-2382-C2515621EA82}.Release|Any CPU.Build.0 = Release|Any CPU
		{43275451-5E11-D7E8-98B0-E9D76CB2A9B1}.Debug|Any CPU.ActiveCfg = Debug|Any CPU
		{43275451-5E11-D7E8-98B0-E9D76CB2A9B1}.Debug|Any CPU.Build.0 = Debug|Any CPU
		{43275451-5E11-D7E8-98B0-E9D76CB2A9B1}.Release|Any CPU.ActiveCfg = Release|Any CPU
		{43275451-5E11-D7E8-98B0-E9D76CB2A9B1}.Release|Any CPU.Build.0 = Release|Any CPU
	EndGlobalSection
	GlobalSection(SolutionProperties) = preSolution
		HideSolutionNode = FALSE
	EndGlobalSection
EndGlobal
